# generated by rye
# use `rye lock` or `rye sync` to update this lockfile
#
# last locked with the following flags:
#   pre: false
#   features: []
#   all-features: false
#   with-sources: false

-e file:.
annotated-types==0.6.0
    # via pydantic
anthropic==0.25.8
anyio==4.3.0
    # via anthropic
    # via httpx
    # via openai
    # via starlette
asgiref==3.8.1
    # via django
    # via opentelemetry-instrumentation-asgi
asttokens==2.4.1
    # via inline-snapshot
asyncpg==0.29.0
attrs==23.2.0
babel==2.14.0
    # via mkdocs-material
black==24.4.0
    # via inline-snapshot
blinker==1.7.0
    # via flask
certifi==2024.2.2
    # via httpcore
    # via httpx
    # via requests
cfgv==3.4.0
    # via pre-commit
charset-normalizer==3.3.2
    # via requests
click==8.1.7
    # via black
    # via flask
    # via inline-snapshot
    # via mkdocs
    # via mkdocstrings
cloudpickle==3.0.0
colorama==0.4.6
    # via griffe
    # via mkdocs-material
coverage==7.5.0
deprecated==1.2.14
    # via opentelemetry-api
    # via opentelemetry-exporter-otlp-proto-http
dirty-equals==0.7.1.post0
distlib==0.3.8
    # via virtualenv
distro==1.9.0
    # via anthropic
    # via openai
django==5.0.4
eval-type-backport==0.2.0
executing==2.0.1
    # via inline-snapshot
fastapi==0.110.2
filelock==3.13.4
    # via huggingface-hub
    # via virtualenv
flask==3.0.3
fsspec==2024.3.1
    # via huggingface-hub
ghp-import==2.1.0
    # via mkdocs
gitdb==4.0.11
    # via gitpython
gitpython==3.1.43
googleapis-common-protos==1.63.0
    # via opentelemetry-exporter-otlp-proto-http
griffe==0.44.0
    # via mkdocstrings-python
h11==0.14.0
    # via httpcore
httpcore==1.0.5
    # via httpx
httpx==0.27.0
    # via anthropic
    # via openai
huggingface-hub==0.23.0
    # via tokenizers
identify==2.5.36
    # via pre-commit
idna==3.7
    # via anyio
    # via httpx
    # via requests
importlib-metadata==7.0.0
    # via opentelemetry-api
    # via opentelemetry-instrumentation-flask
iniconfig==2.0.0
    # via pytest
inline-snapshot==0.8.1
itsdangerous==2.2.0
    # via flask
jinja2==3.1.3
    # via flask
    # via mkdocs
    # via mkdocs-material
    # via mkdocstrings
loguru==0.7.2
markdown==3.6
    # via mkdocs
    # via mkdocs-autorefs
    # via mkdocs-material
    # via mkdocstrings
    # via pymdown-extensions
markdown-it-py==3.0.0
    # via rich
markupsafe==2.1.5
    # via jinja2
    # via mkdocs
    # via mkdocs-autorefs
    # via mkdocstrings
    # via werkzeug
mdurl==0.1.2
    # via markdown-it-py
mergedeep==1.3.4
    # via mkdocs
mkdocs==1.5.3
    # via mkdocs-autorefs
    # via mkdocs-material
    # via mkdocstrings
mkdocs-autorefs==1.0.1
    # via mkdocstrings
mkdocs-glightbox==0.3.7
mkdocs-material==9.5.18
mkdocs-material-extensions==1.3.1
    # via mkdocs-material
mkdocstrings==0.24.3
    # via mkdocstrings-python
mkdocstrings-python==1.10.0
mypy-extensions==1.0.0
    # via black
nodeenv==1.8.0
    # via pre-commit
    # via pyright
numpy==1.26.4
    # via pandas
openai==1.23.3
opentelemetry-api==1.24.0
    # via opentelemetry-exporter-otlp-proto-http
    # via opentelemetry-instrumentation
    # via opentelemetry-instrumentation-aiohttp-client
    # via opentelemetry-instrumentation-asgi
    # via opentelemetry-instrumentation-asyncpg
    # via opentelemetry-instrumentation-dbapi
    # via opentelemetry-instrumentation-django
    # via opentelemetry-instrumentation-fastapi
    # via opentelemetry-instrumentation-flask
    # via opentelemetry-instrumentation-httpx
    # via opentelemetry-instrumentation-psycopg
    # via opentelemetry-instrumentation-psycopg2
    # via opentelemetry-instrumentation-requests
    # via opentelemetry-instrumentation-sqlalchemy
    # via opentelemetry-instrumentation-starlette
    # via opentelemetry-instrumentation-system-metrics
    # via opentelemetry-instrumentation-wsgi
    # via opentelemetry-sdk
opentelemetry-exporter-otlp-proto-common==1.24.0
    # via opentelemetry-exporter-otlp-proto-http
opentelemetry-exporter-otlp-proto-http==1.24.0
    # via logfire
opentelemetry-instrumentation==0.45b0
    # via logfire
    # via opentelemetry-instrumentation-aiohttp-client
    # via opentelemetry-instrumentation-asgi
    # via opentelemetry-instrumentation-asyncpg
    # via opentelemetry-instrumentation-dbapi
    # via opentelemetry-instrumentation-django
    # via opentelemetry-instrumentation-fastapi
    # via opentelemetry-instrumentation-flask
    # via opentelemetry-instrumentation-httpx
    # via opentelemetry-instrumentation-psycopg
    # via opentelemetry-instrumentation-psycopg2
    # via opentelemetry-instrumentation-requests
    # via opentelemetry-instrumentation-sqlalchemy
    # via opentelemetry-instrumentation-starlette
    # via opentelemetry-instrumentation-system-metrics
    # via opentelemetry-instrumentation-wsgi
opentelemetry-instrumentation-aiohttp-client==0.45b0
opentelemetry-instrumentation-asgi==0.45b0
    # via opentelemetry-instrumentation-fastapi
    # via opentelemetry-instrumentation-starlette
opentelemetry-instrumentation-asyncpg==0.45b0
opentelemetry-instrumentation-dbapi==0.45b0
    # via opentelemetry-instrumentation-psycopg
    # via opentelemetry-instrumentation-psycopg2
opentelemetry-instrumentation-django==0.45b0
opentelemetry-instrumentation-fastapi==0.45b0
opentelemetry-instrumentation-flask==0.45b0
opentelemetry-instrumentation-httpx==0.45b0
opentelemetry-instrumentation-psycopg==0.45b0
opentelemetry-instrumentation-psycopg2==0.45b0
opentelemetry-instrumentation-requests==0.45b0
opentelemetry-instrumentation-sqlalchemy==0.45b0
opentelemetry-instrumentation-starlette==0.45b0
opentelemetry-instrumentation-system-metrics==0.45b0
opentelemetry-instrumentation-wsgi==0.45b0
    # via opentelemetry-instrumentation-django
    # via opentelemetry-instrumentation-flask
opentelemetry-proto==1.24.0
    # via opentelemetry-exporter-otlp-proto-common
    # via opentelemetry-exporter-otlp-proto-http
opentelemetry-sdk==1.24.0
    # via logfire
    # via opentelemetry-exporter-otlp-proto-http
    # via opentelemetry-instrumentation-system-metrics
opentelemetry-semantic-conventions==0.45b0
    # via opentelemetry-instrumentation-aiohttp-client
    # via opentelemetry-instrumentation-asgi
    # via opentelemetry-instrumentation-asyncpg
    # via opentelemetry-instrumentation-dbapi
    # via opentelemetry-instrumentation-django
    # via opentelemetry-instrumentation-fastapi
    # via opentelemetry-instrumentation-flask
    # via opentelemetry-instrumentation-httpx
    # via opentelemetry-instrumentation-requests
    # via opentelemetry-instrumentation-sqlalchemy
    # via opentelemetry-instrumentation-starlette
    # via opentelemetry-instrumentation-wsgi
    # via opentelemetry-sdk
opentelemetry-util-http==0.45b0
    # via opentelemetry-instrumentation-aiohttp-client
    # via opentelemetry-instrumentation-asgi
    # via opentelemetry-instrumentation-django
    # via opentelemetry-instrumentation-fastapi
    # via opentelemetry-instrumentation-flask
    # via opentelemetry-instrumentation-httpx
    # via opentelemetry-instrumentation-requests
    # via opentelemetry-instrumentation-starlette
    # via opentelemetry-instrumentation-wsgi
packaging==24.0
    # via black
    # via huggingface-hub
    # via mkdocs
    # via opentelemetry-instrumentation-flask
    # via opentelemetry-instrumentation-sqlalchemy
    # via pytest
paginate==0.5.6
    # via mkdocs-material
pandas==2.2.2
pathspec==0.12.1
    # via black
    # via mkdocs
platformdirs==4.2.1
    # via black
    # via mkdocs
    # via mkdocstrings
    # via virtualenv
pluggy==1.5.0
    # via pytest
pre-commit==3.7.0
protobuf==4.25.3
    # via googleapis-common-protos
    # via logfire
    # via opentelemetry-proto
psutil==5.9.8
    # via opentelemetry-instrumentation-system-metrics
psycopg==3.1.18
psycopg-binary==3.1.18
    # via psycopg
psycopg2-binary==2.9.9
pydantic==2.7.1
    # via anthropic
    # via fastapi
    # via openai
pydantic-core==2.18.2
    # via pydantic
pygments==2.17.2
    # via mkdocs-material
    # via rich
pymdown-extensions==10.8
    # via mkdocs-material
    # via mkdocstrings
pyright==1.1.360
pytest==8.1.1
    # via pytest-django
    # via pytest-pretty
pytest-django==4.8.0
pytest-pretty==1.2.0
python-dateutil==2.9.0.post0
    # via ghp-import
    # via pandas
pytz==2024.1
    # via dirty-equals
    # via pandas
pyyaml==6.0.1
    # via huggingface-hub
    # via mkdocs
    # via pre-commit
    # via pymdown-extensions
    # via pyyaml-env-tag
pyyaml-env-tag==0.1
    # via mkdocs
regex==2024.4.16
    # via mkdocs-material
requests==2.31.0
    # via huggingface-hub
    # via mkdocs-material
    # via opentelemetry-exporter-otlp-proto-http
    # via requests-mock
requests-mock==1.12.1
rich==13.7.1
    # via logfire
    # via pytest-pretty
ruff==0.4.1
setuptools==69.5.1
    # via nodeenv
    # via opentelemetry-instrumentation
six==1.16.0
    # via asttokens
    # via python-dateutil
smmap==5.0.1
    # via gitdb
sniffio==1.3.1
    # via anthropic
    # via anyio
    # via httpx
    # via openai
sqlalchemy==2.0.29
sqlparse==0.5.0
    # via django
starlette==0.37.2
    # via fastapi
structlog==24.1.0
tokenizers==0.19.1
    # via anthropic
toml==0.10.2
    # via inline-snapshot
tqdm==4.66.2
    # via huggingface-hub
    # via openai
types-toml==0.10.8.20240310
    # via inline-snapshot
typing-extensions==4.11.0
    # via anthropic
    # via fastapi
    # via huggingface-hub
    # via logfire
    # via openai
    # via opentelemetry-sdk
    # via psycopg
    # via pydantic
    # via pydantic-core
    # via sqlalchemy
tzdata==2024.1
    # via pandas
urllib3==2.2.1
    # via requests
virtualenv==20.26.0
    # via pre-commit
watchdog==4.0.0
    # via mkdocs
werkzeug==3.0.2
    # via flask
wrapt==1.16.0
    # via deprecated
    # via opentelemetry-instrumentation
    # via opentelemetry-instrumentation-aiohttp-client
    # via opentelemetry-instrumentation-dbapi
    # via opentelemetry-instrumentation-sqlalchemy
zipp==3.18.1
    # via importlib-metadata
